
Microsoft Visual Studio Solution File, Format Version 12.00
# Visual Studio Version 16
VisualStudioVersion = 16.0.29911.84
MinimumVisualStudioVersion = 10.0.40219.1
Project("{FAE04EC0-301F-11D3-BF4B-00C04F79EFBC}") = "Cafe moenen forms", "Cafe moenen forms\Cafe moenen forms.csproj", "{283FB4F3-A38C-4AB5-B870-92F33C6EFBB7}"
EndProject
Global
	GlobalSection(SolutionConfigurationPlatforms) = preSolution
		Debug|Any CPU = Debug|Any CPU
		Release|Any CPU = Release|Any CPU
	EndGlobalSection
	GlobalSection(ProjectConfigurationPlatforms) = postSolution
		{283FB4F3-A38C-4AB5-B870-92F33C6EFBB7}.Debug|Any CPU.ActiveCfg = Debug|Any CPU
		{283FB4F3-A38C-4AB5-B870-92F33C6EFBB7}.Debug|Any CPU.Build.0 = Debug|Any CPU
		{283FB4F3-A38C-4AB5-B870-92F33C6EFBB7}.Release|Any CPU.ActiveCfg = Release|Any CPU
		{283FB4F3-A38C-4AB5-B870-92F33C6EFBB7}.Release|Any CPU.Build.0 = Release|Any CPU
	EndGlobalSection
	GlobalSection(SolutionProperties) = preSolution
		HideSolutionNode = FALSE
	EndGlobalSection
	GlobalSection(ExtensibilityGlobals) = postSolution
		SolutionGuid = {CADE9913-24D6-42F2-9AAF-3F3430A9A7BD}
	EndGlobalSection
EndGlobal
